
Microsoft Visual Studio Solution File, Format Version 12.00
# Visual Studio Version 17
VisualStudioVersion = 17.11.35327.3
MinimumVisualStudioVersion = 10.0.40219.1
Project("{FAE04EC0-301F-11D3-BF4B-00C04F79EFBC}") = "Tumakov11", "Tumakov11.csproj", "{CA03672C-03A4-4601-85B4-5E7B23F01F2F}"
EndProject
Project("{FAE04EC0-301F-11D3-BF4B-00C04F79EFBC}") = "Failik", "Failik\Failik.csproj", "{7D174F11-69FB-4AC6-9893-2D508765A206}"
EndProject
Project("{FAE04EC0-301F-11D3-BF4B-00C04F79EFBC}") = "Timakov12", "Timakov12\Timakov12.csproj", "{405B5A60-AEA9-4C65-A34F-0DB26FF91551}"
EndProject
Global
	GlobalSection(SolutionConfigurationPlatforms) = preSolution
		Debug|Any CPU = Debug|Any CPU
		Release|Any CPU = Release|Any CPU
	EndGlobalSection
	GlobalSection(ProjectConfigurationPlatforms) = postSolution
		{CA03672C-03A4-4601-85B4-5E7B23F01F2F}.Debug|Any CPU.ActiveCfg = Debug|Any CPU
		{CA03672C-03A4-4601-85B4-5E7B23F01F2F}.Debug|Any CPU.Build.0 = Debug|Any CPU
		{CA03672C-03A4-4601-85B4-5E7B23F01F2F}.Release|Any CPU.ActiveCfg = Release|Any CPU
		{CA03672C-03A4-4601-85B4-5E7B23F01F2F}.Release|Any CPU.Build.0 = Release|Any CPU
		{7D174F11-69FB-4AC6-9893-2D508765A206}.Debug|Any CPU.ActiveCfg = Debug|Any CPU
		{7D174F11-69FB-4AC6-9893-2D508765A206}.Debug|Any CPU.Build.0 = Debug|Any CPU
		{7D174F11-69FB-4AC6-9893-2D508765A206}.Release|Any CPU.ActiveCfg = Release|Any CPU
		{7D174F11-69FB-4AC6-9893-2D508765A206}.Release|Any CPU.Build.0 = Release|Any CPU
		{405B5A60-AEA9-4C65-A34F-0DB26FF91551}.Debug|Any CPU.ActiveCfg = Debug|Any CPU
		{405B5A60-AEA9-4C65-A34F-0DB26FF91551}.Debug|Any CPU.Build.0 = Debug|Any CPU
		{405B5A60-AEA9-4C65-A34F-0DB26FF91551}.Release|Any CPU.ActiveCfg = Release|Any CPU
		{405B5A60-AEA9-4C65-A34F-0DB26FF91551}.Release|Any CPU.Build.0 = Release|Any CPU
	EndGlobalSection
	GlobalSection(SolutionProperties) = preSolution
		HideSolutionNode = FALSE
	EndGlobalSection
	GlobalSection(ExtensibilityGlobals) = postSolution
		SolutionGuid = {A582913D-BC82-4CC3-BFF8-F3DCA9AC58B1}
	EndGlobalSection
EndGlobal
